
Microsoft Visual Studio Solution File, Format Version 12.00
# Visual Studio 14
VisualStudioVersion = 14.0.25420.1
MinimumVisualStudioVersion = 10.0.40219.1
Project("{FAE04EC0-301F-11D3-BF4B-00C04F79EFBC}") = "KDZ_Yagunov.Andrey_MedicalService", "KDZ_Yagunov.Andrey_MedicalService\KDZ_Yagunov.Andrey_MedicalService.csproj", "{074F9240-1F06-422A-9E58-7BE82C42D305}"
EndProject
Global
	GlobalSection(SolutionConfigurationPlatforms) = preSolution
		Debug|Any CPU = Debug|Any CPU
		Release|Any CPU = Release|Any CPU
	EndGlobalSection
	GlobalSection(ProjectConfigurationPlatforms) = postSolution
		{074F9240-1F06-422A-9E58-7BE82C42D305}.Debug|Any CPU.ActiveCfg = Debug|Any CPU
		{074F9240-1F06-422A-9E58-7BE82C42D305}.Debug|Any CPU.Build.0 = Debug|Any CPU
		{074F9240-1F06-422A-9E58-7BE82C42D305}.Release|Any CPU.ActiveCfg = Release|Any CPU
		{074F9240-1F06-422A-9E58-7BE82C42D305}.Release|Any CPU.Build.0 = Release|Any CPU
	EndGlobalSection
	GlobalSection(SolutionProperties) = preSolution
		HideSolutionNode = FALSE
	EndGlobalSection
EndGlobal
